{
  "nodes": {
    "catppuccin": {
      "inputs": {
        "nixpkgs": "nixpkgs"
      },
      "locked": {
        "lastModified": 1788792980,
        "narHash": "sha256-TX/Z3PQZQVHgy4g9OZpflVpuazwturkGolsRDkFVHiU=",
        "owner": "catppuccin",
        "repo": "nix",
        "rev": "3142fdbeea0b181ad6600587dfe484ccb644dcc6",
        "type": "github"
      },
      "original": {
        "owner": "catppuccin",
        "repo": "nix",
        "type": "github"
      }
    },
    "flake-compat": {
      "flake": false,
      "locked": {
        "lastModified": 1777699697,
        "narHash": "sha256-Eg9b/rq/ECYwNwEXs5i9wHyhxNI0JrYx2srdI2uZMaQ=",
        "ref": "refs/heads/main",
        "rev": "382052b74656a369c5408822af3f2501e9b1af81",
        "revCount": 94,
        "type": "git",
        "url": "https://git.lix.systems/lix-project/flake-compat.git"
      },
      "original": {
        "type": "git",
        "url": "https://git.lix.systems/lix-project/flake-compat.git"
      }
    },
    "home-manager": {
      "inputs": {
        "nixpkgs": [
          "nixpkgs"
        ]
      },
      "locked": {
        "lastModified": 1789012927,
        "narHash": "sha256-+h1H0g2XMGXK0fNUlX4ajCmCz8u05IR7k0Cj2MJviBY=",
        "owner": "nix-community",
        "repo": "home-manager",
        "rev": "df044b78fd9ec60d0e54752169666e6e1d393798",
        "type": "github"
      },
      "original": {
        "owner": "nix-community",
        "repo": "home-manager",
        "type": "github"
      }
    },
    "libratbag-src": {
      "flake": false,
      "locked": {
        "lastModified": 1787073071,
        "narHash": "sha256-8V/LIki/tI/9Wi6kuFJp6k1p+moMh8Gc8RNP1BUlZO8=",
        "owner": "libratbag",
        "repo": "libratbag",
        "rev": "b8d4d3ca1f4d6b23c664ffee2888b8eb669bee21",
        "type": "github"
      },
      "original": {
        "owner": "libratbag",
        "repo": "libratbag",
        "type": "github"
      }
    },
    "millennium": {
      "inputs": {
        "millennium-src": "millennium-src",
        "nixpkgs": "nixpkgs_2"
      },
      "locked": {
        "dir": "packages/nix",
        "lastModified": 1788565178,
        "narHash": "sha256-bjItIyGxVAUqaSpr2tdN/YTd8BP2DY+wAmun136LrZs=",
        "owner": "SteamClientHomebrew",
        "repo": "Millennium",
        "rev": "5cbebb86628767f365de987c451a2839afe153bc",
        "type": "github"
      },
      "original": {
        "dir": "packages/nix",
        "owner": "SteamClientHomebrew",
        "repo": "Millennium",
        "type": "github"
      }
    },
    "millennium-src": {
      "flake": false,
      "locked": {
        "lastModified": 1787082953,
        "narHash": "sha256-zgr4cdJfye4qunpD3ClNnZ9D1WPGQAXV0CnYwEbB52s=",
        "owner": "SteamClientHomebrew",
        "repo": "Millennium",
        "rev": "513b02e809b0eb120ecf0ae12e548798dd756323",
        "type": "github"
      },
      "original": {
        "owner": "SteamClientHomebrew",
        "repo": "Millennium",
        "rev": "513b02e809b0eb120ecf0ae12e548798dd756323",
        "type": "github"
      }
    },
    "mnw": {
      "locked": {
        "lastModified": 1780772958,
        "narHash": "sha256-VKKe8r4pwCGWZ3Yr9CPN129R4S3CKLSrlYqdYz3vKpM=",
        "owner": "Gerg-L",
        "repo": "mnw",
        "rev": "0871dbf63a53610c95db04439ed8ea4d6ec9c160",
        "type": "github"
      },
      "original": {
        "owner": "Gerg-L",
        "repo": "mnw",
        "type": "github"
      }
    },
    "nix-flatpak": {
      "locked": {
        "lastModified": 1767983141,
        "narHash": "sha256-7ZCulYUD9RmJIDULTRkGLSW1faMpDlPKcbWJLYHoXcs=",
        "owner": "gmodena",
        "repo": "nix-flatpak",
        "rev": "440818969ac2cbd77bfe025e884d0aa528991374",
        "type": "github"
      },
      "original": {
        "owner": "gmodena",
        "ref": "latest",
        "repo": "nix-flatpak",
        "type": "github"
      }
    },
    "nixpkgs": {
      "locked": {
        "lastModified": 1786534138,
        "narHash": "sha256-Cwffw7dPM56d8spt4/queFQ1cKg69D9qrsp+wfwKvfo=",
        "rev": "044bfe75bfe4c7bbe043dc17b5e42ea823b84a09",
        "type": "tarball",
        "url": "https://releases.nixos.org/nixpkgs/nixpkgs-26.11pre1052792.044bfe75bfe4/nixexprs.tar.xz"
      },
      "original": {
        "type": "tarball",
        "url": "https://channels.nixos.org/nixpkgs-unstable/nixexprs.tar.xz"
      }
    },
    "nixpkgs-stable": {
      "locked": {
        "lastModified": 1788921488,
        "narHash": "sha256-8+xWRxEkD6l217cIUdRxfeUGS9lQX0hVtUuNVsBaDzk=",
        "owner": "nixos",
        "repo": "nixpkgs",
        "rev": "6aefcda9401be8acc2b74244fb3b37520ea1f0a8",
        "type": "github"
      },
      "original": {
        "owner": "nixos",
        "ref": "nixos-26.05",
        "repo": "nixpkgs",
        "type": "github"
      }
    },
    "nixpkgs_2": {
      "locked": {
        "lastModified": 1781577229,
        "narHash": "sha256-lrp67w8AulE9Ks53n27I45ADSzbOCn4H+CNW1Ck8B+8=",
        "owner": "nixos",
        "repo": "nixpkgs",
        "rev": "567a49d1913ce81ac6e9582e3553dd90a955875f",
        "type": "github"
      },
      "original": {
        "owner": "nixos",
        "repo": "nixpkgs",
        "rev": "567a49d1913ce81ac6e9582e3553dd90a955875f",
        "type": "github"
      }
    },
    "nixpkgs_3": {
      "locked": {
        "lastModified": 1789006805,
        "narHash": "sha256-xB8mKMOx1IA9vTDNLmJZ6n4wCMq/cuWBBOzGCRnqxrU=",
        "owner": "nixos",
        "repo": "nixpkgs",
        "rev": "8ce4ef6cb6f871616146b9fe26d2a5ae594e94fe",
        "type": "github"
      },
      "original": {
        "owner": "nixos",
        "ref": "nixos-unstable",
        "repo": "nixpkgs",
        "type": "github"
      }
    },
    "nixpkgs_4": {
      "locked": {
        "lastModified": 1787498568,
        "narHash": "sha256-FoOSoBG7tEvOlGRTpWnVdY506Ner4y7r7UYO3OGgmE8=",
        "rev": "56c02bc00adcf003215cc4bd996d6efaf4cff188",
        "type": "tarball",
        "url": "https://releases.nixos.org/nixos/unstable/nixos-26.11pre1060451.56c02bc00adc/nixexprs.tar.xz"
      },
      "original": {
        "type": "tarball",
        "url": "https://channels.nixos.org/nixos-unstable/nixexprs.tar.xz"
      }
    },
    "noctalia": {
      "inputs": {
        "nixpkgs": [
          "nixpkgs"
        ]
      },
      "locked": {
        "lastModified": 1789045236,
        "narHash": "sha256-yCIxIkBJY3dpC7RDzn+9w0rwi25fuUM2DuyUOx/rrWo=",
        "owner": "noctalia-dev",
        "repo": "noctalia-shell",
        "rev": "b7bbb10be71fe2f82708acbef0fe94c51c57c6ea",
        "type": "github"
      },
      "original": {
        "owner": "noctalia-dev",
        "repo": "noctalia-shell",
        "type": "github"
      }
    },
    "nvf": {
      "inputs": {
        "flake-compat": "flake-compat",
        "mnw": "mnw",
        "nixpkgs": "nixpkgs_4"
      },
      "locked": {
        "lastModified": 1788873411,
        "narHash": "sha256-PEcPDc5QRRlzYYGQuGuh7OMMLZ1TC5hLHt3whFBRSS0=",
        "owner": "notashelf",
        "repo": "nvf",
        "rev": "4771b6b78c203c090799ca6984d73c54e77228d6",
        "type": "github"
      },
      "original": {
        "owner": "notashelf",
        "repo": "nvf",
        "type": "github"
      }
    },
    "piper-src": {
      "flake": false,
      "locked": {
        "lastModified": 1786558741,
        "narHash": "sha256-oGa0NXgoiVYadCAB5cnQYrjh3KIVWhTxsSYaB4TVZSA=",
        "owner": "libratbag",
        "repo": "piper",
        "rev": "5d3c8845b55643595ccb8029dfa5c7a2fb079e77",
        "type": "github"
      },
      "original": {
        "owner": "libratbag",
        "repo": "piper",
        "type": "github"
      }
    },
    "ratbag-git": {
      "inputs": {
        "libratbag-src": "libratbag-src",
        "nixpkgs": [
          "nixpkgs"
        ],
        "piper-src": "piper-src"
      },
      "locked": {
        "lastModified": 1787462422,
        "narHash": "sha256-flHNLNam6VTJIAjvWb791rUK/RQ21w/jNjTssRQRhWE=",
        "ref": "refs/heads/main",
        "rev": "cab6de79f981df63663409bda2bc419b5f264c2d",
        "revCount": 17,
        "type": "git",
        "url": "https://codeberg.org/NixPii/piper-git-nix"
      },
      "original": {
        "type": "git",
        "url": "https://codeberg.org/NixPii/piper-git-nix"
      }
    },
    "root": {
      "inputs": {
        "catppuccin": "catppuccin",
        "home-manager": "home-manager",
        "millennium": "millennium",
        "nix-flatpak": "nix-flatpak",
        "nixpkgs": "nixpkgs_3",
        "nixpkgs-stable": "nixpkgs-stable",
        "noctalia": "noctalia",
        "nvf": "nvf",
        "ratbag-git": "ratbag-git",
        "spicetify-nix": "spicetify-nix",
        "zen-browser": "zen-browser"
      }
    },
    "spicetify-nix": {
      "inputs": {
        "nixpkgs": [
          "nixpkgs"
        ],
        "systems": "systems"
      },
      "locked": {
        "lastModified": 1788683578,
        "narHash": "sha256-bERpuakmPAC2b36zgXy6OXh+SkZUjbaV+vV2sPmm6p8=",
        "owner": "Gerg-L",
        "repo": "spicetify-nix",
        "rev": "a4ef43fb13e3615f36e5a0935aabe8cc29363dc9",
        "type": "github"
      },
      "original": {
        "owner": "Gerg-L",
        "repo": "spicetify-nix",
        "type": "github"
      }
    },
    "systems": {
      "locked": {
        "lastModified": 1681028828,
        "narHash": "sha256-Vy1rq5AaRuLzOxct8nz4T6wlgyUR7zLU309k9mBC768=",
        "owner": "nix-systems",
        "repo": "default",
        "rev": "da67096a3b9bf56a91d16901293e51ba5b49a27e",
        "type": "github"
      },
      "original": {
        "owner": "nix-systems",
        "repo": "default",
        "type": "github"
      }
    },
    "zen-browser": {
      "inputs": {
        "nixpkgs": [
          "nixpkgs"
        ]
      },
      "locked": {
        "lastModified": 1788682845,
        "narHash": "sha256-E03KyK0Sj+ia+FSy47XC4v9enU1C/lGiW5ZKmcJoI1M=",
        "owner": "youwen5",
        "repo": "zen-browser-flake",
        "rev": "3aadc420e763a8243aedd2ce925ae1dc13663ed9",
        "type": "github"
      },
      "original": {
        "owner": "youwen5",
        "repo": "zen-browser-flake",
        "type": "github"
      }
    }
  },
  "root": "root",
  "version": 7
}
