{
  "nodes": {
    "catppuccin": {
      "inputs": {
        "nixpkgs": "nixpkgs"
      },
      "locked": {
        "lastModified": 1791628561,
        "narHash": "sha256-1qzf6DVIoJheUYAigYMP5vutn8xOYMnG609oNLHkUIA=",
        "owner": "catppuccin",
        "repo": "nix",
        "rev": "a9c0ba1ebe6d46b764325a3d1c839d7dce66a5a3",
        "type": "github"
      },
      "original": {
        "owner": "catppuccin",
        "repo": "nix",
        "type": "github"
      }
    },
    "flake-compat": {
      "locked": {
        "lastModified": 1733328505,
        "narHash": "sha256-NeCCThCEP3eCl2l/+27kNNK7QrwZB1IJCrXfrbv5oqU=",
        "rev": "ff81ac966bb2cae68946d5ed5fc4994f96d0ffec",
        "revCount": 69,
        "type": "tarball",
        "url": "https://api.flakehub.com/f/pinned/edolstra/flake-compat/1.1.0/01948eb7-9cba-704f-bbf3-3fa956735b52/source.tar.gz"
      },
      "original": {
        "type": "tarball",
        "url": "https://flakehub.com/f/edolstra/flake-compat/1.tar.gz"
      }
    },
    "flake-compat_2": {
      "flake": false,
      "locked": {
        "lastModified": 1777699697,
        "narHash": "sha256-Eg9b/rq/ECYwNwEXs5i9wHyhxNI0JrYx2srdI2uZMaQ=",
        "ref": "refs/heads/main",
        "rev": "382052b74656a369c5408822af3f2501e9b1af81",
        "revCount": 94,
        "type": "git",
        "url": "https://git.lix.systems/lix-project/flake-compat.git"
      },
      "original": {
        "type": "git",
        "url": "https://git.lix.systems/lix-project/flake-compat.git"
      }
    },
    "flake-utils": {
      "inputs": {
        "systems": [
          "nixpkgs-xr",
          "systems"
        ]
      },
      "locked": {
        "lastModified": 1731533236,
        "narHash": "sha256-l0KFg5HjrsfsO/JpG+r7fRrqm12kzFHyUHqHCVpMMbI=",
        "owner": "numtide",
        "repo": "flake-utils",
        "rev": "11707dc2f618dd54ca8739b309ec4fc024de578b",
        "type": "github"
      },
      "original": {
        "owner": "numtide",
        "repo": "flake-utils",
        "type": "github"
      }
    },
    "home-manager": {
      "inputs": {
        "nixpkgs": [
          "nixpkgs"
        ]
      },
      "locked": {
        "lastModified": 1791642191,
        "narHash": "sha256-0bK0A59rVUn1SRZzo4cNi4VSqAe7vR1gL2/MZl53Frw=",
        "owner": "nix-community",
        "repo": "home-manager",
        "rev": "c58f54c733a7894d84fa2fdff26cc12088c4b78c",
        "type": "github"
      },
      "original": {
        "owner": "nix-community",
        "repo": "home-manager",
        "type": "github"
      }
    },
    "libratbag-src": {
      "flake": false,
      "locked": {
        "lastModified": 1787073071,
        "narHash": "sha256-8V/LIki/tI/9Wi6kuFJp6k1p+moMh8Gc8RNP1BUlZO8=",
        "owner": "libratbag",
        "repo": "libratbag",
        "rev": "b8d4d3ca1f4d6b23c664ffee2888b8eb669bee21",
        "type": "github"
      },
      "original": {
        "owner": "libratbag",
        "repo": "libratbag",
        "type": "github"
      }
    },
    "millennium": {
      "inputs": {
        "millennium-src": "millennium-src",
        "nixpkgs": "nixpkgs_2",
        "nixpkgs-bun": "nixpkgs-bun"
      },
      "locked": {
        "dir": "packages/nix",
        "lastModified": 1791466141,
        "narHash": "sha256-iy5odE6GLXOtl5PSiT9Sbb5pBAIdY2xNdugbSNz0iT0=",
        "owner": "SteamClientHomebrew",
        "repo": "Millennium",
        "rev": "fb75bf7629562474a7a4cc06a03bb827de28a601",
        "type": "github"
      },
      "original": {
        "dir": "packages/nix",
        "owner": "SteamClientHomebrew",
        "repo": "Millennium",
        "type": "github"
      }
    },
    "millennium-src": {
      "flake": false,
      "locked": {
        "lastModified": 1790436335,
        "narHash": "sha256-ghYUa4gPLV/VOflM2zkl/gtdwLWHQpRxG4boQoj4yKM=",
        "owner": "SteamClientHomebrew",
        "repo": "Millennium",
        "rev": "765aa8802f8a4d942ad8ac8323a9e0f233a50fa8",
        "type": "github"
      },
      "original": {
        "owner": "SteamClientHomebrew",
        "repo": "Millennium",
        "rev": "765aa8802f8a4d942ad8ac8323a9e0f233a50fa8",
        "type": "github"
      }
    },
    "mnw": {
      "locked": {
        "lastModified": 1784154424,
        "narHash": "sha256-HRn4O1X2ShYtbq5Egji72/aemyc2cIQicjRZD9hBqM8=",
        "owner": "Gerg-L",
        "repo": "mnw",
        "rev": "0151d9fa87992cbeb67c86616fb9170dcec830b6",
        "type": "github"
      },
      "original": {
        "owner": "Gerg-L",
        "repo": "mnw",
        "type": "github"
      }
    },
    "nixpkgs": {
      "locked": {
        "lastModified": 1790652569,
        "narHash": "sha256-k8Fu4c9Z+4Nh7mUr0cfw++ITQiyEhlWxoJBOkI3tOcQ=",
        "rev": "b6c8664de9b6cc07fe5666a29f91884ba81197c4",
        "type": "tarball",
        "url": "https://releases.nixos.org/nixpkgs/nixpkgs-26.11pre1082290.b6c8664de9b6/nixexprs.tar.xz"
      },
      "original": {
        "type": "tarball",
        "url": "https://channels.nixos.org/nixpkgs-unstable/nixexprs.tar.xz"
      }
    },
    "nixpkgs-bun": {
      "locked": {
        "lastModified": 1790822859,
        "narHash": "sha256-69xHQhAeMAD2wDXO7T2pcOZIF9Sga2W+JkmY2a11Ops=",
        "owner": "nixos",
        "repo": "nixpkgs",
        "rev": "c59305bab2065cfecc4944690d9eedbb56f3a9fa",
        "type": "github"
      },
      "original": {
        "owner": "nixos",
        "repo": "nixpkgs",
        "rev": "c59305bab2065cfecc4944690d9eedbb56f3a9fa",
        "type": "github"
      }
    },
    "nixpkgs-stable": {
      "locked": {
        "lastModified": 1791426274,
        "narHash": "sha256-MWhktfFtFE8Jl7bf9Pkp7TR5MSdYCjCswSo0Gkb4ywc=",
        "owner": "nixos",
        "repo": "nixpkgs",
        "rev": "7c8764b7c7b09b34f632464276218ef9090eaa11",
        "type": "github"
      },
      "original": {
        "owner": "nixos",
        "ref": "nixos-26.05",
        "repo": "nixpkgs",
        "type": "github"
      }
    },
    "nixpkgs-xr": {
      "inputs": {
        "flake-compat": "flake-compat",
        "flake-utils": "flake-utils",
        "nixpkgs": "nixpkgs_4",
        "nvfetcher": "nvfetcher",
        "systems": "systems",
        "treefmt-nix": "treefmt-nix"
      },
      "locked": {
        "lastModified": 1791606723,
        "narHash": "sha256-0GVo6ssi5b7pgU8UWo36wAao85/KPMNjgNEFT7t+q9E=",
        "owner": "nix-community",
        "repo": "nixpkgs-xr",
        "rev": "995b3ac91fdfec75bea5b59aec3df6f7ed1bf95a",
        "type": "github"
      },
      "original": {
        "owner": "nix-community",
        "repo": "nixpkgs-xr",
        "type": "github"
      }
    },
    "nixpkgs_2": {
      "locked": {
        "lastModified": 1790769526,
        "narHash": "sha256-6j4yqqBUvIbBn29k0y/2jqlv/YJd8CRkTBYhfm5Z/8c=",
        "rev": "c9fe7d12cd78d1adcd12dd15e24432dde5b155a0",
        "type": "tarball",
        "url": "https://releases.nixos.org/nixpkgs/nixpkgs-26.11pre1082837.c9fe7d12cd78/nixexprs.tar.zst?lastModified=1790769526&rev=c9fe7d12cd78d1adcd12dd15e24432dde5b155a0"
      },
      "original": {
        "type": "tarball",
        "url": "https://channels.nixos.org/nixpkgs-unstable/nixexprs.tar.zst"
      }
    },
    "nixpkgs_3": {
      "locked": {
        "lastModified": 1791456040,
        "narHash": "sha256-H83yz/do+hjOO0uujHyH8RgtIQP2v7Mw+cLwcZK/xKc=",
        "owner": "nixos",
        "repo": "nixpkgs",
        "rev": "e7439b6b14ad3cc35d05608ebca9bce01a25f5f8",
        "type": "github"
      },
      "original": {
        "owner": "nixos",
        "ref": "nixos-unstable",
        "repo": "nixpkgs",
        "type": "github"
      }
    },
    "nixpkgs_4": {
      "locked": {
        "lastModified": 1791456040,
        "narHash": "sha256-H83yz/do+hjOO0uujHyH8RgtIQP2v7Mw+cLwcZK/xKc=",
        "owner": "NixOS",
        "repo": "nixpkgs",
        "rev": "e7439b6b14ad3cc35d05608ebca9bce01a25f5f8",
        "type": "github"
      },
      "original": {
        "owner": "NixOS",
        "ref": "nixos-unstable",
        "repo": "nixpkgs",
        "type": "github"
      }
    },
    "nixpkgs_5": {
      "locked": {
        "lastModified": 1790046670,
        "narHash": "sha256-OJe62m8gZx4xEAQnMcqH1u31/uu4Xf0q2ykAEHZfgrg=",
        "rev": "6774f7bc253789b113a4f39285dc0fa100abeacc",
        "type": "tarball",
        "url": "https://releases.nixos.org/nixos/unstable/nixos-26.11pre1077996.6774f7bc2537/nixexprs.tar.xz"
      },
      "original": {
        "type": "tarball",
        "url": "https://channels.nixos.org/nixos-unstable/nixexprs.tar.xz"
      }
    },
    "noctalia": {
      "inputs": {
        "nixpkgs": [
          "nixpkgs"
        ]
      },
      "locked": {
        "lastModified": 1791639702,
        "narHash": "sha256-9Ohj4l4OyF3PWwZCcDNTmtSsU0LhRsITK4cmBcBFwug=",
        "owner": "noctalia-dev",
        "repo": "noctalia-shell",
        "rev": "79afb0fa58837c328909bed4410d1fd697841e41",
        "type": "github"
      },
      "original": {
        "owner": "noctalia-dev",
        "repo": "noctalia-shell",
        "type": "github"
      }
    },
    "nvf": {
      "inputs": {
        "flake-compat": "flake-compat_2",
        "mnw": "mnw",
        "nixpkgs": "nixpkgs_5"
      },
      "locked": {
        "lastModified": 1791651540,
        "narHash": "sha256-cxmegj6Tg0xYk8A2icSl3v1+SeVDj+bESU2BnCqERPE=",
        "owner": "notashelf",
        "repo": "nvf",
        "rev": "19992540d372466340ededda0c065a3a0a962fd6",
        "type": "github"
      },
      "original": {
        "owner": "notashelf",
        "repo": "nvf",
        "type": "github"
      }
    },
    "nvfetcher": {
      "inputs": {
        "flake-compat": [
          "nixpkgs-xr",
          "flake-compat"
        ],
        "flake-utils": [
          "nixpkgs-xr",
          "flake-utils"
        ],
        "nixpkgs": [
          "nixpkgs-xr",
          "nixpkgs"
        ]
      },
      "locked": {
        "lastModified": 1766178214,
        "narHash": "sha256-tKDXreDwrRkdjvfot5fr1++ed6oOq3+/hW/Dj8WfTgs=",
        "owner": "Red-M",
        "repo": "nvfetcher",
        "rev": "a84b3ce67f1d7acd85b3aa2b9967ab91ed6e7a71",
        "type": "github"
      },
      "original": {
        "owner": "Red-M",
        "repo": "nvfetcher",
        "rev": "a84b3ce67f1d7acd85b3aa2b9967ab91ed6e7a71",
        "type": "github"
      }
    },
    "piper-src": {
      "flake": false,
      "locked": {
        "lastModified": 1786558741,
        "narHash": "sha256-oGa0NXgoiVYadCAB5cnQYrjh3KIVWhTxsSYaB4TVZSA=",
        "owner": "libratbag",
        "repo": "piper",
        "rev": "5d3c8845b55643595ccb8029dfa5c7a2fb079e77",
        "type": "github"
      },
      "original": {
        "owner": "libratbag",
        "repo": "piper",
        "type": "github"
      }
    },
    "private": {
      "flake": false,
      "locked": {
        "path": "./private",
        "type": "path"
      },
      "original": {
        "path": "./private",
        "type": "path"
      },
      "parent": []
    },
    "ratbag-git": {
      "inputs": {
        "libratbag-src": "libratbag-src",
        "nixpkgs": [
          "nixpkgs"
        ],
        "piper-src": "piper-src"
      },
      "locked": {
        "lastModified": 1787462422,
        "narHash": "sha256-flHNLNam6VTJIAjvWb791rUK/RQ21w/jNjTssRQRhWE=",
        "ref": "refs/heads/main",
        "rev": "cab6de79f981df63663409bda2bc419b5f264c2d",
        "revCount": 17,
        "type": "git",
        "url": "https://codeberg.org/NixPii/piper-git-nix"
      },
      "original": {
        "type": "git",
        "url": "https://codeberg.org/NixPii/piper-git-nix"
      }
    },
    "root": {
      "inputs": {
        "catppuccin": "catppuccin",
        "home-manager": "home-manager",
        "millennium": "millennium",
        "nixpkgs": "nixpkgs_3",
        "nixpkgs-stable": "nixpkgs-stable",
        "nixpkgs-xr": "nixpkgs-xr",
        "noctalia": "noctalia",
        "nvf": "nvf",
        "private": "private",
        "ratbag-git": "ratbag-git",
        "spicetify-nix": "spicetify-nix",
        "zen-browser": "zen-browser"
      }
    },
    "spicetify-nix": {
      "inputs": {
        "nixpkgs": [
          "nixpkgs"
        ],
        "systems": "systems_2"
      },
      "locked": {
        "lastModified": 1791109926,
        "narHash": "sha256-N4ZWEoceF9U+np24Pzi8OjJwqjoe36zHUR31pEhUKng=",
        "owner": "Gerg-L",
        "repo": "spicetify-nix",
        "rev": "32d97b6b3c3401e5d0e474c82e764f8f9bf35b86",
        "type": "github"
      },
      "original": {
        "owner": "Gerg-L",
        "repo": "spicetify-nix",
        "type": "github"
      }
    },
    "systems": {
      "locked": {
        "lastModified": 1689347949,
        "narHash": "sha256-12tWmuL2zgBgZkdoB6qXZsgJEH9LR3oUgpaQq2RbI80=",
        "owner": "nix-systems",
        "repo": "default-linux",
        "rev": "31732fcf5e8fea42e59c2488ad31a0e651500f68",
        "type": "github"
      },
      "original": {
        "owner": "nix-systems",
        "repo": "default-linux",
        "type": "github"
      }
    },
    "systems_2": {
      "locked": {
        "lastModified": 1681028828,
        "narHash": "sha256-Vy1rq5AaRuLzOxct8nz4T6wlgyUR7zLU309k9mBC768=",
        "owner": "nix-systems",
        "repo": "default",
        "rev": "da67096a3b9bf56a91d16901293e51ba5b49a27e",
        "type": "github"
      },
      "original": {
        "owner": "nix-systems",
        "repo": "default",
        "type": "github"
      }
    },
    "treefmt-nix": {
      "inputs": {
        "nixpkgs": [
          "nixpkgs-xr",
          "nixpkgs"
        ]
      },
      "locked": {
        "lastModified": 1791490544,
        "narHash": "sha256-qScE7Wz6Zg7eg8ItUpnkmKgst8weWschGe0E8jM4rj4=",
        "owner": "numtide",
        "repo": "treefmt-nix",
        "rev": "4cfe8d7065cc8ca91c0a50361b6dd74920eeb1f5",
        "type": "github"
      },
      "original": {
        "owner": "numtide",
        "repo": "treefmt-nix",
        "type": "github"
      }
    },
    "zen-browser": {
      "inputs": {
        "nixpkgs": [
          "nixpkgs"
        ]
      },
      "locked": {
        "lastModified": 1791627880,
        "narHash": "sha256-qpJE5ug1T+7LEdXRLI9/ZIwe/rzqjILR9BpMg/sNVtM=",
        "owner": "youwen5",
        "repo": "zen-browser-flake",
        "rev": "458cd16116c362a5e92d5db6bdc3599e4e8b1f4a",
        "type": "github"
      },
      "original": {
        "owner": "youwen5",
        "repo": "zen-browser-flake",
        "type": "github"
      }
    }
  },
  "root": "root",
  "version": 7
}
